<?xml version="1.0" encoding="utf-8"?>
<Project ToolsVersion="4.0" xmlns="http://schemas.microsoft.com/developer/msbuild/2003">
  <ItemGroup>
    <ClCompile Include="BaseStation.cpp">
      <Filter>Source Files</Filter>
    </ClCompile>
    <ClCompile Include="BodyTracker.cpp">
      <Filter>Source Files</Filter>
    </ClCompile>
    <ClCompile Include="dprintf.cpp">
      <Filter>Source Files</Filter>
    </ClCompile>
    <ClCompile Include="logger.cpp">
      <Filter>Source Files</Filter>
    </ClCompile>
    <ClCompile Include="socket_notifier.cpp">
      <Filter>Source Files</Filter>
    </ClCompile>
    <ClCompile Include="soft_knuckles_config.cpp">
      <Filter>Source Files</Filter>
    </ClCompile>
    <ClCompile Include="soft_knuckles_device.cpp">
      <Filter>Source Files</Filter>
    </ClCompile>
    <ClCompile Include="soft_knuckles_provider.cpp">
      <Filter>Source Files</Filter>
    </ClCompile>
    <ClCompile Include="trackable_device.cpp">
      <Filter>Source Files</Filter>
    </ClCompile>
  </ItemGroup>
  <ItemGroup>
    <ClInclude Include="BaseStation.h">
      <Filter>Header Files</Filter>
    </ClInclude>
    <ClInclude Include="BodyTracker.h">
      <Filter>Header Files</Filter>
    </ClInclude>
    <ClInclude Include="dprintf.h">
      <Filter>Header Files</Filter>
    </ClInclude>
    <ClInclude Include="linalg.h">
      <Filter>Header Files</Filter>
    </ClInclude>
    <ClInclude Include="logger.h">
      <Filter>Header Files</Filter>
    </ClInclude>
    <ClInclude Include="socket_notifier.h">
      <Filter>Header Files</Filter>
    </ClInclude>
    <ClInclude Include="soft_knuckles_config.h">
      <Filter>Header Files</Filter>
    </ClInclude>
    <ClInclude Include="soft_knuckles_debug_handler.h">
      <Filter>Header Files</Filter>
    </ClInclude>
    <ClInclude Include="soft_knuckles_device.h">
      <Filter>Header Files</Filter>
    </ClInclude>
    <ClInclude Include="SysForm.h">
      <Filter>Header Files</Filter>
    </ClInclude>
    <ClInclude Include="trackable_device.h">
      <Filter>Header Files</Filter>
    </ClInclude>
    <ClInclude Include="resource.h" />
  </ItemGroup>
  <ItemGroup>
    <Filter Include="Source Files">
      <UniqueIdentifier>{c7ac7641-b978-4ffe-87c8-0146bd5f26ff}</UniqueIdentifier>
    </Filter>
    <Filter Include="Header Files">
      <UniqueIdentifier>{27e47a17-310e-4114-91d8-36f93f63e758}</UniqueIdentifier>
    </Filter>
  </ItemGroup>
  <ItemGroup>
    <ResourceCompile Include="driver_KinectToVR.rc" />
  </ItemGroup>
</Project>