
Microsoft Visual Studio Solution File, Format Version 12.00
# Visual Studio 15
VisualStudioVersion = 15.0.27130.2027
MinimumVisualStudioVersion = 10.0.40219.1
Project("{8BC9CEB8-8B4A-11D0-8D11-00A0C91BC942}") = "KinectToVR", "SFMLProject\SFMLProject.vcxproj", "{9E612475-CF0A-4384-969A-3C01C9543935}"
EndProject
Project("{8BC9CEB8-8B4A-11D0-8D11-00A0C91BC942}") = "KinectV1Process", "KinectV1Process\KinectV1Process.vcxproj", "{252AC64C-828F-45D1-9B4F-CB4B1986B200}"
	ProjectSection(ProjectDependencies) = postProject
		{9E612475-CF0A-4384-969A-3C01C9543935} = {9E612475-CF0A-4384-969A-3C01C9543935}
	EndProjectSection
EndProject
Project("{8BC9CEB8-8B4A-11D0-8D11-00A0C91BC942}") = "KinectV2Process", "KinectV2Process\KinectV2Process.vcxproj", "{0DE92959-9B87-4FB6-809E-1D95B49D57B1}"
	ProjectSection(ProjectDependencies) = postProject
		{9E612475-CF0A-4384-969A-3C01C9543935} = {9E612475-CF0A-4384-969A-3C01C9543935}
	EndProjectSection
EndProject
Project("{8BC9CEB8-8B4A-11D0-8D11-00A0C91BC942}") = "SFGUI Scale Test", "SFGUI Scale Test\SFGUI Scale Test.vcxproj", "{7D1AE0DE-7859-428C-A80F-8CE6BDFCDA41}"
EndProject
Global
	GlobalSection(SolutionConfigurationPlatforms) = preSolution
		Debug|x64 = Debug|x64
		Debug|x86 = Debug|x86
		Release|x64 = Release|x64
		Release|x86 = Release|x86
	EndGlobalSection
	GlobalSection(ProjectConfigurationPlatforms) = postSolution
		{9E612475-CF0A-4384-969A-3C01C9543935}.Debug|x64.ActiveCfg = Debug|x64
		{9E612475-CF0A-4384-969A-3C01C9543935}.Debug|x64.Build.0 = Debug|x64
		{9E612475-CF0A-4384-969A-3C01C9543935}.Debug|x86.ActiveCfg = Debug|Win32
		{9E612475-CF0A-4384-969A-3C01C9543935}.Debug|x86.Build.0 = Debug|Win32
		{9E612475-CF0A-4384-969A-3C01C9543935}.Release|x64.ActiveCfg = Release|x64
		{9E612475-CF0A-4384-969A-3C01C9543935}.Release|x64.Build.0 = Release|x64
		{9E612475-CF0A-4384-969A-3C01C9543935}.Release|x86.ActiveCfg = Release|Win32
		{9E612475-CF0A-4384-969A-3C01C9543935}.Release|x86.Build.0 = Release|Win32
		{252AC64C-828F-45D1-9B4F-CB4B1986B200}.Debug|x64.ActiveCfg = Debug|x64
		{252AC64C-828F-45D1-9B4F-CB4B1986B200}.Debug|x64.Build.0 = Debug|x64
		{252AC64C-828F-45D1-9B4F-CB4B1986B200}.Debug|x86.ActiveCfg = Debug|Win32
		{252AC64C-828F-45D1-9B4F-CB4B1986B200}.Debug|x86.Build.0 = Debug|Win32
		{252AC64C-828F-45D1-9B4F-CB4B1986B200}.Release|x64.ActiveCfg = Release|x64
		{252AC64C-828F-45D1-9B4F-CB4B1986B200}.Release|x64.Build.0 = Release|x64
		{252AC64C-828F-45D1-9B4F-CB4B1986B200}.Release|x86.ActiveCfg = Release|Win32
		{252AC64C-828F-45D1-9B4F-CB4B1986B200}.Release|x86.Build.0 = Release|Win32
		{0DE92959-9B87-4FB6-809E-1D95B49D57B1}.Debug|x64.ActiveCfg = Debug|x64
		{0DE92959-9B87-4FB6-809E-1D95B49D57B1}.Debug|x64.Build.0 = Debug|x64
		{0DE92959-9B87-4FB6-809E-1D95B49D57B1}.Debug|x86.ActiveCfg = Debug|Win32
		{0DE92959-9B87-4FB6-809E-1D95B49D57B1}.Debug|x86.Build.0 = Debug|Win32
		{0DE92959-9B87-4FB6-809E-1D95B49D57B1}.Release|x64.ActiveCfg = Release|x64
		{0DE92959-9B87-4FB6-809E-1D95B49D57B1}.Release|x64.Build.0 = Release|x64
		{0DE92959-9B87-4FB6-809E-1D95B49D57B1}.Release|x86.ActiveCfg = Release|Win32
		{0DE92959-9B87-4FB6-809E-1D95B49D57B1}.Release|x86.Build.0 = Release|Win32
		{7D1AE0DE-7859-428C-A80F-8CE6BDFCDA41}.Debug|x64.ActiveCfg = Debug|x64
		{7D1AE0DE-7859-428C-A80F-8CE6BDFCDA41}.Debug|x64.Build.0 = Debug|x64
		{7D1AE0DE-7859-428C-A80F-8CE6BDFCDA41}.Debug|x86.ActiveCfg = Debug|Win32
		{7D1AE0DE-7859-428C-A80F-8CE6BDFCDA41}.Debug|x86.Build.0 = Debug|Win32
		{7D1AE0DE-7859-428C-A80F-8CE6BDFCDA41}.Release|x64.ActiveCfg = Release|x64
		{7D1AE0DE-7859-428C-A80F-8CE6BDFCDA41}.Release|x64.Build.0 = Release|x64
		{7D1AE0DE-7859-428C-A80F-8CE6BDFCDA41}.Release|x86.ActiveCfg = Release|Win32
		{7D1AE0DE-7859-428C-A80F-8CE6BDFCDA41}.Release|x86.Build.0 = Release|Win32
	EndGlobalSection
	GlobalSection(SolutionProperties) = preSolution
		HideSolutionNode = FALSE
	EndGlobalSection
	GlobalSection(ExtensibilityGlobals) = postSolution
		SolutionGuid = {7DAA0FB2-B9B9-4755-BB30-21F0DD8380B2}
	EndGlobalSection
EndGlobal
