<?xml version="1.0" encoding="utf-8"?>
<Project ToolsVersion="4.0" xmlns="http://schemas.microsoft.com/developer/msbuild/2003">
  <ItemGroup>
    <Filter Include="Source Files">
      <UniqueIdentifier>{4FC737F1-C7A5-4376-A066-2A32D752A2FF}</UniqueIdentifier>
      <Extensions>cpp;c;cc;cxx;def;odl;idl;hpj;bat;asm;asmx</Extensions>
    </Filter>
    <Filter Include="Header Files">
      <UniqueIdentifier>{93995380-89BD-4b04-88EB-625FBE52EBFB}</UniqueIdentifier>
      <Extensions>h;hh;hpp;hxx;hm;inl;inc;xsd</Extensions>
    </Filter>
    <Filter Include="Resource Files">
      <UniqueIdentifier>{67DA6AB6-F800-4c08-8B7A-83BB121AAD01}</UniqueIdentifier>
      <Extensions>rc;ico;cur;bmp;dlg;rc2;rct;bin;rgs;gif;jpg;jpeg;jpe;resx;tiff;tif;png;wav;mfcribbon-ms</Extensions>
    </Filter>
    <Filter Include="Header Files\Calibrators">
      <UniqueIdentifier>{c1031505-84bb-4dfd-ba34-51ab8d1fe93b}</UniqueIdentifier>
    </Filter>
    <Filter Include="Header Files\DeviceHandlers">
      <UniqueIdentifier>{f9f748a9-ed8e-45da-925e-959c89cd2f10}</UniqueIdentifier>
    </Filter>
    <Filter Include="Header Files\TrackingMethods">
      <UniqueIdentifier>{30da05ba-4492-4350-9cd5-2031daaf387d}</UniqueIdentifier>
    </Filter>
    <Filter Include="Header Files\TrackingMethods\Position">
      <UniqueIdentifier>{1908e621-0fc8-4491-88dc-ffb1b4a61532}</UniqueIdentifier>
    </Filter>
    <Filter Include="Header Files\TrackingMethods\Rotation">
      <UniqueIdentifier>{deeec89c-86e2-4fa8-aea2-f7a32b1e7cfc}</UniqueIdentifier>
    </Filter>
  </ItemGroup>
  <ItemGroup>
    <Text Include="ReadMe.txt" />
  </ItemGroup>
  <ItemGroup>
    <ClInclude Include="targetver.h">
      <Filter>Header Files</Filter>
    </ClInclude>
    <ClInclude Include="inc\GUIHandler.h">
      <Filter>Header Files</Filter>
    </ClInclude>
    <ClInclude Include="inc\IETracker.h">
      <Filter>Header Files</Filter>
    </ClInclude>
    <ClInclude Include="inc\IKinectHandler.h">
      <Filter>Header Files</Filter>
    </ClInclude>
    <ClInclude Include="inc\KinectHandlerBase.h">
      <Filter>Header Files</Filter>
    </ClInclude>
    <ClInclude Include="inc\KinectJoint.h">
      <Filter>Header Files</Filter>
    </ClInclude>
    <ClInclude Include="inc\KinectSettings.h">
      <Filter>Header Files</Filter>
    </ClInclude>
    <ClInclude Include="inc\KinectToVR.h">
      <Filter>Header Files</Filter>
    </ClInclude>
    <ClInclude Include="inc\KinectTrackedDevice.h">
      <Filter>Header Files</Filter>
    </ClInclude>
    <ClInclude Include="inc\VRController.h">
      <Filter>Header Files</Filter>
    </ClInclude>
    <ClInclude Include="inc\VRHelper.h">
      <Filter>Header Files</Filter>
    </ClInclude>
    <ClInclude Include="inc\sfLine.h">
      <Filter>Header Files</Filter>
    </ClInclude>
    <ClInclude Include="inc\VectorMath.h">
      <Filter>Header Files</Filter>
    </ClInclude>
    <ClInclude Include="inc\GamepadController.h">
      <Filter>Header Files</Filter>
    </ClInclude>
    <ClInclude Include="inc\GenericController.h">
      <Filter>Header Files</Filter>
    </ClInclude>
    <ClInclude Include="inc\QuaternionMath.h">
      <Filter>Header Files</Filter>
    </ClInclude>
    <ClInclude Include="stdafx.h">
      <Filter>Header Files</Filter>
    </ClInclude>
    <ClInclude Include="inc\Calibrator.h">
      <Filter>Header Files\Calibrators</Filter>
    </ClInclude>
    <ClInclude Include="inc\ManualCalibrator.h">
      <Filter>Header Files\Calibrators</Filter>
    </ClInclude>
    <ClInclude Include="inc\TrackingMethod.h">
      <Filter>Header Files\TrackingMethods</Filter>
    </ClInclude>
    <ClInclude Include="inc\ColorTracker.h">
      <Filter>Header Files\TrackingMethods</Filter>
    </ClInclude>
    <ClInclude Include="inc\SkeletonTracker.h">
      <Filter>Header Files\TrackingMethods</Filter>
    </ClInclude>
    <ClInclude Include="inc\PSMoveHandler.h">
      <Filter>Header Files\DeviceHandlers</Filter>
    </ClInclude>
    <ClInclude Include="inc\ColorPositionMethod.h">
      <Filter>Header Files\TrackingMethods\Position</Filter>
    </ClInclude>
    <ClInclude Include="inc\IMU_PositionMethod.h">
      <Filter>Header Files\TrackingMethods\Position</Filter>
    </ClInclude>
    <ClInclude Include="inc\SkeletonRotationMethod.h">
      <Filter>Header Files\TrackingMethods\Rotation</Filter>
    </ClInclude>
    <ClInclude Include="inc\SkeletonPositionMethod.h">
      <Filter>Header Files\TrackingMethods\Position</Filter>
    </ClInclude>
    <ClInclude Include="inc\IMU_RotationMethod.h">
      <Filter>Header Files\TrackingMethods\Rotation</Filter>
    </ClInclude>
    <ClInclude Include="inc\HeadAndHandsAutoCalibrator.h">
      <Filter>Header Files\Calibrators</Filter>
    </ClInclude>
    <ClInclude Include="inc\DeviceHandler.h">
      <Filter>Header Files\DeviceHandlers</Filter>
    </ClInclude>
    <ClInclude Include="inc\TrackingPoolManager.h">
      <Filter>Header Files\DeviceHandlers</Filter>
    </ClInclude>
    <ClInclude Include="inc\TrackedDeviceInputData.h">
      <Filter>Header Files</Filter>
    </ClInclude>
    <ClInclude Include="inc\logging.h">
      <Filter>Header Files</Filter>
    </ClInclude>
    <ClInclude Include="inc\VRDeviceHandler.h">
      <Filter>Header Files\DeviceHandlers</Filter>
    </ClInclude>
    <ClInclude Include="MathEigen.h">
      <Filter>Header Files</Filter>
    </ClInclude>
    <ClInclude Include="Math_Utility.h">
      <Filter>Header Files</Filter>
    </ClInclude>
    <ClInclude Include="LowPassFilter.h">
      <Filter>Header Files</Filter>
    </ClInclude>
    <ClInclude Include="EKF_Filter.h">
      <Filter>Header Files</Filter>
    </ClInclude>
  </ItemGroup>
  <ItemGroup>
    <ClCompile Include="stdafx.cpp">
      <Filter>Source Files</Filter>
    </ClCompile>
    <ClCompile Include="KinectToVR.cpp">
      <Filter>Source Files</Filter>
    </ClCompile>
    <ClCompile Include="KinectSettings.cpp">
      <Filter>Source Files</Filter>
    </ClCompile>
    <ClCompile Include="IETracker.cpp">
      <Filter>Source Files</Filter>
    </ClCompile>
    <ClCompile Include="VRHelper.cpp">
      <Filter>Source Files</Filter>
    </ClCompile>
    <ClCompile Include="VectorMath.cpp">
      <Filter>Source Files</Filter>
    </ClCompile>
    <ClCompile Include="KinectJoint.cpp">
      <Filter>Source Files</Filter>
    </ClCompile>
    <ClCompile Include="TrackingPoolManager.cpp">
      <Filter>Header Files\DeviceHandlers</Filter>
    </ClCompile>
    <ClCompile Include="MathEigen.cpp">
      <Filter>Source Files</Filter>
    </ClCompile>
    <ClCompile Include="Math_Utility.cpp">
      <Filter>Source Files</Filter>
    </ClCompile>
  </ItemGroup>
</Project>