
Microsoft Visual Studio Solution File, Format Version 12.00
# Visual Studio Version 16
VisualStudioVersion = 16.0.29123.88
MinimumVisualStudioVersion = 10.0.40219.1
Project("{8BC9CEB8-8B4A-11D0-8D11-00A0C91BC942}") = "BPipeServer", "BPipeServer.vcxproj", "{E8A572B4-637F-474D-997F-50F910A570F7}"
EndProject
Global
	GlobalSection(SolutionConfigurationPlatforms) = preSolution
		Debug|x64 = Debug|x64
		Debug|x86 = Debug|x86
		Release|x64 = Release|x64
		Release|x86 = Release|x86
	EndGlobalSection
	GlobalSection(ProjectConfigurationPlatforms) = postSolution
		{E8A572B4-637F-474D-997F-50F910A570F7}.Debug|x64.ActiveCfg = Debug|x64
		{E8A572B4-637F-474D-997F-50F910A570F7}.Debug|x64.Build.0 = Debug|x64
		{E8A572B4-637F-474D-997F-50F910A570F7}.Debug|x86.ActiveCfg = Debug|Win32
		{E8A572B4-637F-474D-997F-50F910A570F7}.Debug|x86.Build.0 = Debug|Win32
		{E8A572B4-637F-474D-997F-50F910A570F7}.Release|x64.ActiveCfg = Release|x64
		{E8A572B4-637F-474D-997F-50F910A570F7}.Release|x64.Build.0 = Release|x64
		{E8A572B4-637F-474D-997F-50F910A570F7}.Release|x86.ActiveCfg = Release|Win32
		{E8A572B4-637F-474D-997F-50F910A570F7}.Release|x86.Build.0 = Release|Win32
	EndGlobalSection
	GlobalSection(SolutionProperties) = preSolution
		HideSolutionNode = FALSE
	EndGlobalSection
	GlobalSection(ExtensibilityGlobals) = postSolution
		SolutionGuid = {E24E9F0C-B9FD-4035-92FA-22E641D8147B}
	EndGlobalSection
EndGlobal
